# This file is automatically @generated by Cargo.
# It is not intended for manual editing.
version = 3

[[package]]
name = "bitflags"
version = "1.3.2"
source = "registry+https://github.com/rust-lang/crates.io-index"
checksum = "bef38d45163c2f1dde094a7dfd33ccf595c92905c8f8f4fdc18d06fb1037718a"

[[package]]
name = "libc"
version = "0.2.172"
source = "registry+https://github.com/rust-lang/crates.io-index"
checksum = "d750af042f7ef4f724306de029d18836c26c1765a54a6a3f094cbd23a7267ffa"

[[package]]
name = "perfcnt"
version = "0.7.3-mod"
source = "git+https://github.com/maxi-k/rust-perfcnt-less-deps?rev=990464c#990464cc1412ec1746d5b3b1f1af3eb28dfd1596"
dependencies = [
 "bitflags",
 "libc",
]

[[package]]
name = "perfevent"
version = "0.1.0"
dependencies = [
 "perfcnt",
]
